// !$*UTF8*$!
{
	archiveVersion = 1;
	classes = {
	};
	objectVersion = 48;
	objects = {

/* Begin PBXBuildFile section */
		6594DEAC1F85D7C0004BE07C /* CoreLocation.framework in Frameworks */ = {isa = PBXBuildFile; fileRef = 6594DEAB1F85D7C0004BE07C /* CoreLocation.framework */; };
		65BE84911F7B45D700FF4A2C /* AppDelegate.swift in Sources */ = {isa = PBXBuildFile; fileRef = 65BE84901F7B45D700FF4A2C /* AppDelegate.swift */; };
		65BE84931F7B45D700FF4A2C /* art.scnassets in Resources */ = {isa = PBXBuildFile; fileRef = 65BE84921F7B45D700FF4A2C /* art.scnassets */; };
		65BE84951F7B45D700FF4A2C /* ViewController.swift in Sources */ = {isa = PBXBuildFile; fileRef = 65BE84941F7B45D700FF4A2C /* ViewController.swift */; };
		65BE84981F7B45D700FF4A2C /* Main.storyboard in Resources */ = {isa = PBXBuildFile; fileRef = 65BE84961F7B45D700FF4A2C /* Main.storyboard */; };
		65BE849A1F7B45D700FF4A2C /* Assets.xcassets in Resources */ = {isa = PBXBuildFile; fileRef = 65BE84991F7B45D700FF4A2C /* Assets.xcassets */; };
		65BE849D1F7B45D700FF4A2C /* LaunchScreen.storyboard in Resources */ = {isa = PBXBuildFile; fileRef = 65BE849B1F7B45D700FF4A2C /* LaunchScreen.storyboard */; };
/* End PBXBuildFile section */

/* Begin PBXFileReference section */
		6594DEAB1F85D7C0004BE07C /* CoreLocation.framework */ = {isa = PBXFileReference; lastKnownFileType = wrapper.framework; name = CoreLocation.framework; path = System/Library/Frameworks/CoreLocation.framework; sourceTree = SDKROOT; };
		65BE848D1F7B45D700FF4A2C /* ARkit-prototype.app */ = {isa = PBXFileReference; explicitFileType = wrapper.application; includeInIndex = 0; path = "ARkit-prototype.app"; sourceTree = BUILT_PRODUCTS_DIR; };
		65BE84901F7B45D700FF4A2C /* AppDelegate.swift */ = {isa = PBXFileReference; lastKnownFileType = sourcecode.swift; path = AppDelegate.swift; sourceTree = "<group>"; };
		65BE84921F7B45D700FF4A2C /* art.scnassets */ = {isa = PBXFileReference; lastKnownFileType = wrapper.scnassets; path = art.scnassets; sourceTree = "<group>"; };
		65BE84941F7B45D700FF4A2C /* ViewController.swift */ = {isa = PBXFileReference; lastKnownFileType = sourcecode.swift; path = ViewController.swift; sourceTree = "<group>"; };
		65BE84971F7B45D700FF4A2C /* Base */ = {isa = PBXFileReference; lastKnownFileType = file.storyboard; name = Base; path = Base.lproj/Main.storyboard; sourceTree = "<group>"; };
		65BE84991F7B45D700FF4A2C /* Assets.xcassets */ = {isa = PBXFileReference; lastKnownFileType = folder.assetcatalog; path = Assets.xcassets; sourceTree = "<group>"; };
		65BE849C1F7B45D700FF4A2C /* Base */ = {isa = PBXFileReference; lastKnownFileType = file.storyboard; name = Base; path = Base.lproj/LaunchScreen.storyboard; sourceTree = "<group>"; };
		65BE849E1F7B45D700FF4A2C /* Info.plist */ = {isa = PBXFileReference; lastKnownFileType = text.plist.xml; path = Info.plist; sourceTree = "<group>"; };
/* End PBXFileReference section */

/* Begin PBXFrameworksBuildPhase section */
		65BE848A1F7B45D700FF4A2C /* Frameworks */ = {
			isa = PBXFrameworksBuildPhase;
			buildActionMask = 2147483647;
			files = (
				6594DEAC1F85D7C0004BE07C /* CoreLocation.framework in Frameworks */,
			);
			runOnlyForDeploymentPostprocessing = 0;
		};
/* End PBXFrameworksBuildPhase section */

/* Begin PBXGroup section */
		6594DEAA1F85D7BF004BE07C /* Frameworks */ = {
			isa = PBXGroup;
			children = (
				6594DEAB1F85D7C0004BE07C /* CoreLocation.framework */,
			);
			name = Frameworks;
			sourceTree = "<group>";
		};
		65BE84841F7B45D700FF4A2C = {
			isa = PBXGroup;
			children = (
				65BE848F1F7B45D700FF4A2C /* ARkit-prototype */,
				65BE848E1F7B45D700FF4A2C /* Products */,
				6594DEAA1F85D7BF004BE07C /* Frameworks */,
			);
			sourceTree = "<group>";
		};
		65BE848E1F7B45D700FF4A2C /* Products */ = {
			isa = PBXGroup;
			children = (
				65BE848D1F7B45D700FF4A2C /* ARkit-prototype.app */,
			);
			name = Products;
			sourceTree = "<group>";
		};
		65BE848F1F7B45D700FF4A2C /* ARkit-prototype */ = {
			isa = PBXGroup;
			children = (
				65BE84901F7B45D700FF4A2C /* AppDelegate.swift */,
				65BE84921F7B45D700FF4A2C /* art.scnassets */,
				65BE84941F7B45D700FF4A2C /* ViewController.swift */,
				65BE84961F7B45D700FF4A2C /* Main.storyboard */,
				65BE84991F7B45D700FF4A2C /* Assets.xcassets */,
				65BE849B1F7B45D700FF4A2C /* LaunchScreen.storyboard */,
				65BE849E1F7B45D700FF4A2C /* Info.plist */,
			);
			path = "ARkit-prototype";
			sourceTree = "<group>";
		};
/* End PBXGroup section */

/* Begin PBXNativeTarget section */
		65BE848C1F7B45D700FF4A2C /* ARkit-prototype */ = {
			isa = PBXNativeTarget;
			buildConfigurationList = 65BE84A11F7B45D700FF4A2C /* Build configuration list for PBXNativeTarget "ARkit-prototype" */;
			buildPhases = (
				65BE84891F7B45D700FF4A2C /* Sources */,
				65BE848A1F7B45D700FF4A2C /* Frameworks */,
				65BE848B1F7B45D700FF4A2C /* Resources */,
			);
			buildRules = (
			);
			dependencies = (
			);
			name = "ARkit-prototype";
			productName = "ARkit-prototype";
			productReference = 65BE848D1F7B45D700FF4A2C /* ARkit-prototype.app */;
			productType = "com.apple.product-type.application";
		};
/* End PBXNativeTarget section */

/* Begin PBXProject section */
		65BE84851F7B45D700FF4A2C /* Project object */ = {
			isa = PBXProject;
			attributes = {
				LastSwiftUpdateCheck = 0900;
				LastUpgradeCheck = 0900;
				ORGANIZATIONNAME = "Charlie G";
				TargetAttributes = {
					65BE848C1F7B45D700FF4A2C = {
						CreatedOnToolsVersion = 9.0;
						ProvisioningStyle = Automatic;
					};
				};
			};
			buildConfigurationList = 65BE84881F7B45D700FF4A2C /* Build configuration list for PBXProject "ARkit-prototype" */;
			compatibilityVersion = "Xcode 8.0";
			developmentRegion = en;
			hasScannedForEncodings = 0;
			knownRegions = (
				en,
				Base,
			);
			mainGroup = 65BE84841F7B45D700FF4A2C;
			productRefGroup = 65BE848E1F7B45D700FF4A2C /* Products */;
			projectDirPath = "";
			projectRoot = "";
			targets = (
				65BE848C1F7B45D700FF4A2C /* ARkit-prototype */,
			);
		};
/* End PBXProject section */

/* Begin PBXResourcesBuildPhase section */
		65BE848B1F7B45D700FF4A2C /* Resources */ = {
			isa = PBXResourcesBuildPhase;
			buildActionMask = 2147483647;
			files = (
				65BE84931F7B45D700FF4A2C /* art.scnassets in Resources */,
				65BE849D1F7B45D700FF4A2C /* LaunchScreen.storyboard in Resources */,
				65BE849A1F7B45D700FF4A2C /* Assets.xcassets in Resources */,
				65BE84981F7B45D700FF4A2C /* Main.storyboard in Resources */,
			);
			runOnlyForDeploymentPostprocessing = 0;
		};
/* End PBXResourcesBuildPhase section */

/* Begin PBXSourcesBuildPhase section */
		65BE84891F7B45D700FF4A2C /* Sources */ = {
			isa = PBXSourcesBuildPhase;
			buildActionMask = 2147483647;
			files = (
				65BE84951F7B45D700FF4A2C /* ViewController.swift in Sources */,
				65BE84911F7B45D700FF4A2C /* AppDelegate.swift in Sources */,
			);
			runOnlyForDeploymentPostprocessing = 0;
		};
/* End PBXSourcesBuildPhase section */

/* Begin PBXVariantGroup section */
		65BE84961F7B45D700FF4A2C /* Main.storyboard */ = {
			isa = PBXVariantGroup;
			children = (
				65BE84971F7B45D700FF4A2C /* Base */,
			);
			name = Main.storyboard;
			sourceTree = "<group>";
		};
		65BE849B1F7B45D700FF4A2C /* LaunchScreen.storyboard */ = {
			isa = PBXVariantGroup;
			children = (
				65BE849C1F7B45D700FF4A2C /* Base */,
			);
			name = LaunchScreen.storyboard;
			sourceTree = "<group>";
		};
/* End PBXVariantGroup section */

/* Begin XCBuildConfiguration section */
		65BE849F1F7B45D700FF4A2C /* Debug */ = {
			isa = XCBuildConfiguration;
			buildSettings = {
				ALWAYS_SEARCH_USER_PATHS = NO;
				CLANG_ANALYZER_NONNULL = YES;
				CLANG_ANALYZER_NUMBER_OBJECT_CONVERSION = YES_AGGRESSIVE;
				CLANG_CXX_LANGUAGE_STANDARD = "gnu++14";
				CLANG_CXX_LIBRARY = "libc++";
				CLANG_ENABLE_MODULES = YES;
				CLANG_ENABLE_OBJC_ARC = YES;
				CLANG_WARN_BLOCK_CAPTURE_AUTORELEASING = YES;
				CLANG_WARN_BOOL_CONVERSION = YES;
				CLANG_WARN_COMMA = YES;
				CLANG_WARN_CONSTANT_CONVERSION = YES;
				CLANG_WARN_DIRECT_OBJC_ISA_USAGE = YES_ERROR;
				CLANG_WARN_DOCUMENTATION_COMMENTS = YES;
				CLANG_WARN_EMPTY_BODY = YES;
				CLANG_WARN_ENUM_CONVERSION = YES;
				CLANG_WARN_INFINITE_RECURSION = YES;
				CLANG_WARN_INT_CONVERSION = YES;
				CLANG_WARN_NON_LITERAL_NULL_CONVERSION = YES;
				CLANG_WARN_OBJC_LITERAL_CONVERSION = YES;
				CLANG_WARN_OBJC_ROOT_CLASS = YES_ERROR;
				CLANG_WARN_RANGE_LOOP_ANALYSIS = YES;
				CLANG_WARN_STRICT_PROTOTYPES = YES;
				CLANG_WARN_SUSPICIOUS_MOVE = YES;
				CLANG_WARN_UNGUARDED_AVAILABILITY = YES_AGGRESSIVE;
				CLANG_WARN_UNREACHABLE_CODE = YES;
				CLANG_WARN__DUPLICATE_METHOD_MATCH = YES;
				CODE_SIGN_IDENTITY = "iPhone Developer";
				COPY_PHASE_STRIP = NO;
				DEBUG_INFORMATION_FORMAT = dwarf;
				ENABLE_STRICT_OBJC_MSGSEND = YES;
				ENABLE_TESTABILITY = YES;
				GCC_C_LANGUAGE_STANDARD = gnu11;
				GCC_DYNAMIC_NO_PIC = NO;
				GCC_NO_COMMON_BLOCKS = YES;
				GCC_OPTIMIZATION_LEVEL = 0;
				GCC_PREPROCESSOR_DEFINITIONS = (
					"DEBUG=1",
					"$(inherited)",
				);
				GCC_WARN_64_TO_32_BIT_CONVERSION = YES;
				GCC_WARN_ABOUT_RETURN_TYPE = YES_ERROR;
				GCC_WARN_UNDECLARED_SELECTOR = YES;
				GCC_WARN_UNINITIALIZED_AUTOS = YES_AGGRESSIVE;
				GCC_WARN_UNUSED_FUNCTION = YES;
				GCC_WARN_UNUSED_VARIABLE = YES;
				IPHONEOS_DEPLOYMENT_TARGET = 11.0;
				MTL_ENABLE_DEBUG_INFO = YES;
				ONLY_ACTIVE_ARCH = YES;
				SDKROOT = iphoneos;
				SWIFT_ACTIVE_COMPILATION_CONDITIONS = DEBUG;
				SWIFT_OPTIMIZATION_LEVEL = "-Onone";
			};
			name = Debug;
		};
		65BE84A01F7B45D700FF4A2C /* Release */ = {
			isa = XCBuildConfiguration;
			buildSettings = {
				ALWAYS_SEARCH_USER_PATHS = NO;
				CLANG_ANALYZER_NONNULL = YES;
				CLANG_ANALYZER_NUMBER_OBJECT_CONVERSION = YES_AGGRESSIVE;
				CLANG_CXX_LANGUAGE_STANDARD = "gnu++14";
				CLANG_CXX_LIBRARY = "libc++";
				CLANG_ENABLE_MODULES = YES;
				CLANG_ENABLE_OBJC_ARC = YES;
				CLANG_WARN_BLOCK_CAPTURE_AUTORELEASING = YES;
				CLANG_WARN_BOOL_CONVERSION = YES;
				CLANG_WARN_COMMA = YES;
				CLANG_WARN_CONSTANT_CONVERSION = YES;
				CLANG_WARN_DIRECT_OBJC_ISA_USAGE = YES_ERROR;
				CLANG_WARN_DOCUMENTATION_COMMENTS = YES;
				CLANG_WARN_EMPTY_BODY = YES;
				CLANG_WARN_ENUM_CONVERSION = YES;
				CLANG_WARN_INFINITE_RECURSION = YES;
				CLANG_WARN_INT_CONVERSION = YES;
				CLANG_WARN_NON_LITERAL_NULL_CONVERSION = YES;
				CLANG_WARN_OBJC_LITERAL_CONVERSION = YES;
				CLANG_WARN_OBJC_ROOT_CLASS = YES_ERROR;
				CLANG_WARN_RANGE_LOOP_ANALYSIS = YES;
				CLANG_WARN_STRICT_PROTOTYPES = YES;
				CLANG_WARN_SUSPICIOUS_MOVE = YES;
				CLANG_WARN_UNGUARDED_AVAILABILITY = YES_AGGRESSIVE;
				CLANG_WARN_UNREACHABLE_CODE = YES;
				CLANG_WARN__DUPLICATE_METHOD_MATCH = YES;
				CODE_SIGN_IDENTITY = "iPhone Developer";
				COPY_PHASE_STRIP = NO;
				DEBUG_INFORMATION_FORMAT = "dwarf-with-dsym";
				ENABLE_NS_ASSERTIONS = NO;
				ENABLE_STRICT_OBJC_MSGSEND = YES;
				GCC_C_LANGUAGE_STANDARD = gnu11;
				GCC_NO_COMMON_BLOCKS = YES;
				GCC_WARN_64_TO_32_BIT_CONVERSION = YES;
				GCC_WARN_ABOUT_RETURN_TYPE = YES_ERROR;
				GCC_WARN_UNDECLARED_SELECTOR = YES;
				GCC_WARN_UNINITIALIZED_AUTOS = YES_AGGRESSIVE;
				GCC_WARN_UNUSED_FUNCTION = YES;
				GCC_WARN_UNUSED_VARIABLE = YES;
				IPHONEOS_DEPLOYMENT_TARGET = 11.0;
				MTL_ENABLE_DEBUG_INFO = NO;
				SDKROOT = iphoneos;
				SWIFT_OPTIMIZATION_LEVEL = "-Owholemodule";
				VALIDATE_PRODUCT = YES;
			};
			name = Release;
		};
		65BE84A21F7B45D700FF4A2C /* Debug */ = {
			isa = XCBuildConfiguration;
			buildSettings = {
				ASSETCATALOG_COMPILER_APPICON_NAME = AppIcon;
				CODE_SIGN_STYLE = Automatic;
				DEVELOPMENT_TEAM = EM7ZP2KM9S;
				INFOPLIST_FILE = "ARkit-prototype/Info.plist";
				LD_RUNPATH_SEARCH_PATHS = "$(inherited) @executable_path/Frameworks";
				PRODUCT_BUNDLE_IDENTIFIER = "test.ARkit-prototype";
				PRODUCT_NAME = "$(TARGET_NAME)";
				SWIFT_VERSION = 4.0;
				TARGETED_DEVICE_FAMILY = "1,2";
			};
			name = Debug;
		};
		65BE84A31F7B45D700FF4A2C /* Release */ = {
			isa = XCBuildConfiguration;
			buildSettings = {
				ASSETCATALOG_COMPILER_APPICON_NAME = AppIcon;
				CODE_SIGN_STYLE = Automatic;
				DEVELOPMENT_TEAM = EM7ZP2KM9S;
				INFOPLIST_FILE = "ARkit-prototype/Info.plist";
				LD_RUNPATH_SEARCH_PATHS = "$(inherited) @executable_path/Frameworks";
				PRODUCT_BUNDLE_IDENTIFIER = "test.ARkit-prototype";
				PRODUCT_NAME = "$(TARGET_NAME)";
				SWIFT_VERSION = 4.0;
				TARGETED_DEVICE_FAMILY = "1,2";
			};
			name = Release;
		};
/* End XCBuildConfiguration section */

/* Begin XCConfigurationList section */
		65BE84881F7B45D700FF4A2C /* Build configuration list for PBXProject "ARkit-prototype" */ = {
			isa = XCConfigurationList;
			buildConfigurations = (
				65BE849F1F7B45D700FF4A2C /* Debug */,
				65BE84A01F7B45D700FF4A2C /* Release */,
			);
			defaultConfigurationIsVisible = 0;
			defaultConfigurationName = Release;
		};
		65BE84A11F7B45D700FF4A2C /* Build configuration list for PBXNativeTarget "ARkit-prototype" */ = {
			isa = XCConfigurationList;
			buildConfigurations = (
				65BE84A21F7B45D700FF4A2C /* Debug */,
				65BE84A31F7B45D700FF4A2C /* Release */,
			);
			defaultConfigurationIsVisible = 0;
			defaultConfigurationName = Release;
		};
/* End XCConfigurationList section */
	};
	rootObject = 65BE84851F7B45D700FF4A2C /* Project object */;
}
